
Microsoft Visual Studio Solution File, Format Version 12.00
# Visual Studio Version 17
VisualStudioVersion = 17.0.31903.59
MinimumVisualStudioVersion = 10.0.40219.1
Project("{2150E333-8FDC-42A3-9474-1A3956D46DE8}") = "src", "src", "{827E0CD3-B72D-47B6-A68D-7590B98EB39B}"
EndProject
Project("{FAE04EC0-301F-11D3-BF4B-00C04F79EFBC}") = "Neo.Application", "src\Neo.Application\Neo.Application.csproj", "{1F94BBF1-FEC2-43F5-89C7-A05958E6FD9E}"
EndProject
Project("{FAE04EC0-301F-11D3-BF4B-00C04F79EFBC}") = "Neo.Domain", "src\Neo.Domain\Neo.Domain.csproj", "{840074EE-F7F3-4A7E-9C63-A9075D6CBA5B}"
EndProject
Project("{FAE04EC0-301F-11D3-BF4B-00C04F79EFBC}") = "Neo.Common", "src\Neo.Common\Neo.Common.csproj", "{5146C522-571F-4EE5-AF58-FDDC9BE5E9B6}"
EndProject
Project("{FAE04EC0-301F-11D3-BF4B-00C04F79EFBC}") = "Neo.Endpoint", "src\Neo.Endpoint\Neo.Endpoint.csproj", "{88D4AF31-B8E8-4598-B32E-3D0AEABBF653}"
EndProject
Project("{FAE04EC0-301F-11D3-BF4B-00C04F79EFBC}") = "Neo.Infrastructure", "src\Neo.Infrastructure\Neo.Infrastructure.csproj", "{FCCDE411-2C84-40FE-8699-E5F70DEFE55F}"
EndProject
Project("{FAE04EC0-301F-11D3-BF4B-00C04F79EFBC}") = "Neo.Infrastructure.Hangfire", "src\Neo.Infrastructure.Hangfire\Neo.Infrastructure.Hangfire.csproj", "{F47ED653-6736-44F6-B92C-23749D82145D}"
EndProject
Project("{2150E333-8FDC-42A3-9474-1A3956D46DE8}") = "tests", "tests", "{02EA681E-C7D8-13C7-8484-4AC65E1B71E8}"
EndProject
Project("{FAE04EC0-301F-11D3-BF4B-00C04F79EFBC}") = "Neo.Common.Tests", "tests\Neo.Common.Tests\Neo.Common.Tests.csproj", "{DA292D19-0DFA-0266-48F6-8F73BA3128F7}"
EndProject
Project("{FAE04EC0-301F-11D3-BF4B-00C04F79EFBC}") = "Neo.Domain.Tests", "tests\Neo.Domain.Tests\Neo.Domain.Tests.csproj", "{19EF9287-762B-D2DE-7F4D-31E51D72C0B9}"
EndProject
Project("{FAE04EC0-301F-11D3-BF4B-00C04F79EFBC}") = "Neo.Application.Tests", "tests\Neo.Application.Tests\Neo.Application.Tests.csproj", "{33620057-A44B-FA16-187E-63797798B268}"
EndProject
Project("{FAE04EC0-301F-11D3-BF4B-00C04F79EFBC}") = "Neo.Infrastructure.IntegrationTests", "tests\Neo.Infrastructure.IntegrationTests\Neo.Infrastructure.IntegrationTests.csproj", "{A32B9E25-2BE4-4726-8DCB-DA36AF9D840F}"
EndProject
Global
	GlobalSection(SolutionConfigurationPlatforms) = preSolution
		Debug|Any CPU = Debug|Any CPU
		Debug|x64 = Debug|x64
		Debug|x86 = Debug|x86
		Release|Any CPU = Release|Any CPU
		Release|x64 = Release|x64
		Release|x86 = Release|x86
	EndGlobalSection
	GlobalSection(ProjectConfigurationPlatforms) = postSolution
		{1F94BBF1-FEC2-43F5-89C7-A05958E6FD9E}.Debug|Any CPU.ActiveCfg = Debug|Any CPU
		{1F94BBF1-FEC2-43F5-89C7-A05958E6FD9E}.Debug|Any CPU.Build.0 = Debug|Any CPU
		{1F94BBF1-FEC2-43F5-89C7-A05958E6FD9E}.Debug|x64.ActiveCfg = Debug|Any CPU
		{1F94BBF1-FEC2-43F5-89C7-A05958E6FD9E}.Debug|x64.Build.0 = Debug|Any CPU
		{1F94BBF1-FEC2-43F5-89C7-A05958E6FD9E}.Debug|x86.ActiveCfg = Debug|Any CPU
		{1F94BBF1-FEC2-43F5-89C7-A05958E6FD9E}.Debug|x86.Build.0 = Debug|Any CPU
		{1F94BBF1-FEC2-43F5-89C7-A05958E6FD9E}.Release|Any CPU.ActiveCfg = Release|Any CPU
		{1F94BBF1-FEC2-43F5-89C7-A05958E6FD9E}.Release|Any CPU.Build.0 = Release|Any CPU
		{1F94BBF1-FEC2-43F5-89C7-A05958E6FD9E}.Release|x64.ActiveCfg = Release|Any CPU
		{1F94BBF1-FEC2-43F5-89C7-A05958E6FD9E}.Release|x64.Build.0 = Release|Any CPU
		{1F94BBF1-FEC2-43F5-89C7-A05958E6FD9E}.Release|x86.ActiveCfg = Release|Any CPU
		{1F94BBF1-FEC2-43F5-89C7-A05958E6FD9E}.Release|x86.Build.0 = Release|Any CPU
		{840074EE-F7F3-4A7E-9C63-A9075D6CBA5B}.Debug|Any CPU.ActiveCfg = Debug|Any CPU
		{840074EE-F7F3-4A7E-9C63-A9075D6CBA5B}.Debug|Any CPU.Build.0 = Debug|Any CPU
		{840074EE-F7F3-4A7E-9C63-A9075D6CBA5B}.Debug|x64.ActiveCfg = Debug|Any CPU
		{840074EE-F7F3-4A7E-9C63-A9075D6CBA5B}.Debug|x64.Build.0 = Debug|Any CPU
		{840074EE-F7F3-4A7E-9C63-A9075D6CBA5B}.Debug|x86.ActiveCfg = Debug|Any CPU
		{840074EE-F7F3-4A7E-9C63-A9075D6CBA5B}.Debug|x86.Build.0 = Debug|Any CPU
		{840074EE-F7F3-4A7E-9C63-A9075D6CBA5B}.Release|Any CPU.ActiveCfg = Release|Any CPU
		{840074EE-F7F3-4A7E-9C63-A9075D6CBA5B}.Release|Any CPU.Build.0 = Release|Any CPU
		{840074EE-F7F3-4A7E-9C63-A9075D6CBA5B}.Release|x64.ActiveCfg = Release|Any CPU
		{840074EE-F7F3-4A7E-9C63-A9075D6CBA5B}.Release|x64.Build.0 = Release|Any CPU
		{840074EE-F7F3-4A7E-9C63-A9075D6CBA5B}.Release|x86.ActiveCfg = Release|Any CPU
		{840074EE-F7F3-4A7E-9C63-A9075D6CBA5B}.Release|x86.Build.0 = Release|Any CPU
		{5146C522-571F-4EE5-AF58-FDDC9BE5E9B6}.Debug|Any CPU.ActiveCfg = Debug|Any CPU
		{5146C522-571F-4EE5-AF58-FDDC9BE5E9B6}.Debug|Any CPU.Build.0 = Debug|Any CPU
		{5146C522-571F-4EE5-AF58-FDDC9BE5E9B6}.Debug|x64.ActiveCfg = Debug|Any CPU
		{5146C522-571F-4EE5-AF58-FDDC9BE5E9B6}.Debug|x64.Build.0 = Debug|Any CPU
		{5146C522-571F-4EE5-AF58-FDDC9BE5E9B6}.Debug|x86.ActiveCfg = Debug|Any CPU
		{5146C522-571F-4EE5-AF58-FDDC9BE5E9B6}.Debug|x86.Build.0 = Debug|Any CPU
		{5146C522-571F-4EE5-AF58-FDDC9BE5E9B6}.Release|Any CPU.ActiveCfg = Release|Any CPU
		{5146C522-571F-4EE5-AF58-FDDC9BE5E9B6}.Release|Any CPU.Build.0 = Release|Any CPU
		{5146C522-571F-4EE5-AF58-FDDC9BE5E9B6}.Release|x64.ActiveCfg = Release|Any CPU
		{5146C522-571F-4EE5-AF58-FDDC9BE5E9B6}.Release|x64.Build.0 = Release|Any CPU
		{5146C522-571F-4EE5-AF58-FDDC9BE5E9B6}.Release|x86.ActiveCfg = Release|Any CPU
		{5146C522-571F-4EE5-AF58-FDDC9BE5E9B6}.Release|x86.Build.0 = Release|Any CPU
		{88D4AF31-B8E8-4598-B32E-3D0AEABBF653}.Debug|Any CPU.ActiveCfg = Debug|Any CPU
		{88D4AF31-B8E8-4598-B32E-3D0AEABBF653}.Debug|Any CPU.Build.0 = Debug|Any CPU
		{88D4AF31-B8E8-4598-B32E-3D0AEABBF653}.Debug|x64.ActiveCfg = Debug|Any CPU
		{88D4AF31-B8E8-4598-B32E-3D0AEABBF653}.Debug|x64.Build.0 = Debug|Any CPU
		{88D4AF31-B8E8-4598-B32E-3D0AEABBF653}.Debug|x86.ActiveCfg = Debug|Any CPU
		{88D4AF31-B8E8-4598-B32E-3D0AEABBF653}.Debug|x86.Build.0 = Debug|Any CPU
		{88D4AF31-B8E8-4598-B32E-3D0AEABBF653}.Release|Any CPU.ActiveCfg = Release|Any CPU
		{88D4AF31-B8E8-4598-B32E-3D0AEABBF653}.Release|Any CPU.Build.0 = Release|Any CPU
		{88D4AF31-B8E8-4598-B32E-3D0AEABBF653}.Release|x64.ActiveCfg = Release|Any CPU
		{88D4AF31-B8E8-4598-B32E-3D0AEABBF653}.Release|x64.Build.0 = Release|Any CPU
		{88D4AF31-B8E8-4598-B32E-3D0AEABBF653}.Release|x86.ActiveCfg = Release|Any CPU
		{88D4AF31-B8E8-4598-B32E-3D0AEABBF653}.Release|x86.Build.0 = Release|Any CPU
		{FCCDE411-2C84-40FE-8699-E5F70DEFE55F}.Debug|Any CPU.ActiveCfg = Debug|Any CPU
		{FCCDE411-2C84-40FE-8699-E5F70DEFE55F}.Debug|Any CPU.Build.0 = Debug|Any CPU
		{FCCDE411-2C84-40FE-8699-E5F70DEFE55F}.Debug|x64.ActiveCfg = Debug|Any CPU
		{FCCDE411-2C84-40FE-8699-E5F70DEFE55F}.Debug|x64.Build.0 = Debug|Any CPU
		{FCCDE411-2C84-40FE-8699-E5F70DEFE55F}.Debug|x86.ActiveCfg = Debug|Any CPU
		{FCCDE411-2C84-40FE-8699-E5F70DEFE55F}.Debug|x86.Build.0 = Debug|Any CPU
		{FCCDE411-2C84-40FE-8699-E5F70DEFE55F}.Release|Any CPU.ActiveCfg = Release|Any CPU
		{FCCDE411-2C84-40FE-8699-E5F70DEFE55F}.Release|Any CPU.Build.0 = Release|Any CPU
		{FCCDE411-2C84-40FE-8699-E5F70DEFE55F}.Release|x64.ActiveCfg = Release|Any CPU
		{FCCDE411-2C84-40FE-8699-E5F70DEFE55F}.Release|x64.Build.0 = Release|Any CPU
		{FCCDE411-2C84-40FE-8699-E5F70DEFE55F}.Release|x86.ActiveCfg = Release|Any CPU
		{FCCDE411-2C84-40FE-8699-E5F70DEFE55F}.Release|x86.Build.0 = Release|Any CPU
		{F47ED653-6736-44F6-B92C-23749D82145D}.Debug|Any CPU.ActiveCfg = Debug|Any CPU
		{F47ED653-6736-44F6-B92C-23749D82145D}.Debug|Any CPU.Build.0 = Debug|Any CPU
		{F47ED653-6736-44F6-B92C-23749D82145D}.Debug|x64.ActiveCfg = Debug|Any CPU
		{F47ED653-6736-44F6-B92C-23749D82145D}.Debug|x64.Build.0 = Debug|Any CPU
		{F47ED653-6736-44F6-B92C-23749D82145D}.Debug|x86.ActiveCfg = Debug|Any CPU
		{F47ED653-6736-44F6-B92C-23749D82145D}.Debug|x86.Build.0 = Debug|Any CPU
		{F47ED653-6736-44F6-B92C-23749D82145D}.Release|Any CPU.ActiveCfg = Release|Any CPU
		{F47ED653-6736-44F6-B92C-23749D82145D}.Release|Any CPU.Build.0 = Release|Any CPU
		{F47ED653-6736-44F6-B92C-23749D82145D}.Release|x64.ActiveCfg = Release|Any CPU
		{F47ED653-6736-44F6-B92C-23749D82145D}.Release|x64.Build.0 = Release|Any CPU
		{F47ED653-6736-44F6-B92C-23749D82145D}.Release|x86.ActiveCfg = Release|Any CPU
		{F47ED653-6736-44F6-B92C-23749D82145D}.Release|x86.Build.0 = Release|Any CPU
		{DA292D19-0DFA-0266-48F6-8F73BA3128F7}.Debug|Any CPU.ActiveCfg = Debug|Any CPU
		{DA292D19-0DFA-0266-48F6-8F73BA3128F7}.Debug|Any CPU.Build.0 = Debug|Any CPU
		{DA292D19-0DFA-0266-48F6-8F73BA3128F7}.Debug|x64.ActiveCfg = Debug|Any CPU
		{DA292D19-0DFA-0266-48F6-8F73BA3128F7}.Debug|x64.Build.0 = Debug|Any CPU
		{DA292D19-0DFA-0266-48F6-8F73BA3128F7}.Debug|x86.ActiveCfg = Debug|Any CPU
		{DA292D19-0DFA-0266-48F6-8F73BA3128F7}.Debug|x86.Build.0 = Debug|Any CPU
		{DA292D19-0DFA-0266-48F6-8F73BA3128F7}.Release|Any CPU.ActiveCfg = Release|Any CPU
		{DA292D19-0DFA-0266-48F6-8F73BA3128F7}.Release|Any CPU.Build.0 = Release|Any CPU
		{DA292D19-0DFA-0266-48F6-8F73BA3128F7}.Release|x64.ActiveCfg = Release|Any CPU
		{DA292D19-0DFA-0266-48F6-8F73BA3128F7}.Release|x64.Build.0 = Release|Any CPU
		{DA292D19-0DFA-0266-48F6-8F73BA3128F7}.Release|x86.ActiveCfg = Release|Any CPU
		{DA292D19-0DFA-0266-48F6-8F73BA3128F7}.Release|x86.Build.0 = Release|Any CPU
		{19EF9287-762B-D2DE-7F4D-31E51D72C0B9}.Debug|Any CPU.ActiveCfg = Debug|Any CPU
		{19EF9287-762B-D2DE-7F4D-31E51D72C0B9}.Debug|Any CPU.Build.0 = Debug|Any CPU
		{19EF9287-762B-D2DE-7F4D-31E51D72C0B9}.Debug|x64.ActiveCfg = Debug|Any CPU
		{19EF9287-762B-D2DE-7F4D-31E51D72C0B9}.Debug|x64.Build.0 = Debug|Any CPU
		{19EF9287-762B-D2DE-7F4D-31E51D72C0B9}.Debug|x86.ActiveCfg = Debug|Any CPU
		{19EF9287-762B-D2DE-7F4D-31E51D72C0B9}.Debug|x86.Build.0 = Debug|Any CPU
		{19EF9287-762B-D2DE-7F4D-31E51D72C0B9}.Release|Any CPU.ActiveCfg = Release|Any CPU
		{19EF9287-762B-D2DE-7F4D-31E51D72C0B9}.Release|Any CPU.Build.0 = Release|Any CPU
		{19EF9287-762B-D2DE-7F4D-31E51D72C0B9}.Release|x64.ActiveCfg = Release|Any CPU
		{19EF9287-762B-D2DE-7F4D-31E51D72C0B9}.Release|x64.Build.0 = Release|Any CPU
		{19EF9287-762B-D2DE-7F4D-31E51D72C0B9}.Release|x86.ActiveCfg = Release|Any CPU
		{19EF9287-762B-D2DE-7F4D-31E51D72C0B9}.Release|x86.Build.0 = Release|Any CPU
		{33620057-A44B-FA16-187E-63797798B268}.Debug|Any CPU.ActiveCfg = Debug|Any CPU
		{33620057-A44B-FA16-187E-63797798B268}.Debug|Any CPU.Build.0 = Debug|Any CPU
		{33620057-A44B-FA16-187E-63797798B268}.Debug|x64.ActiveCfg = Debug|Any CPU
		{33620057-A44B-FA16-187E-63797798B268}.Debug|x64.Build.0 = Debug|Any CPU
		{33620057-A44B-FA16-187E-63797798B268}.Debug|x86.ActiveCfg = Debug|Any CPU
		{33620057-A44B-FA16-187E-63797798B268}.Debug|x86.Build.0 = Debug|Any CPU
		{33620057-A44B-FA16-187E-63797798B268}.Release|Any CPU.ActiveCfg = Release|Any CPU
		{33620057-A44B-FA16-187E-63797798B268}.Release|Any CPU.Build.0 = Release|Any CPU
		{33620057-A44B-FA16-187E-63797798B268}.Release|x64.ActiveCfg = Release|Any CPU
		{33620057-A44B-FA16-187E-63797798B268}.Release|x64.Build.0 = Release|Any CPU
		{33620057-A44B-FA16-187E-63797798B268}.Release|x86.ActiveCfg = Release|Any CPU
		{33620057-A44B-FA16-187E-63797798B268}.Release|x86.Build.0 = Release|Any CPU
		{A32B9E25-2BE4-4726-8DCB-DA36AF9D840F}.Debug|Any CPU.ActiveCfg = Debug|Any CPU
		{A32B9E25-2BE4-4726-8DCB-DA36AF9D840F}.Debug|Any CPU.Build.0 = Debug|Any CPU
		{A32B9E25-2BE4-4726-8DCB-DA36AF9D840F}.Debug|x64.ActiveCfg = Debug|Any CPU
		{A32B9E25-2BE4-4726-8DCB-DA36AF9D840F}.Debug|x64.Build.0 = Debug|Any CPU
		{A32B9E25-2BE4-4726-8DCB-DA36AF9D840F}.Debug|x86.ActiveCfg = Debug|Any CPU
		{A32B9E25-2BE4-4726-8DCB-DA36AF9D840F}.Debug|x86.Build.0 = Debug|Any CPU
		{A32B9E25-2BE4-4726-8DCB-DA36AF9D840F}.Release|Any CPU.ActiveCfg = Release|Any CPU
		{A32B9E25-2BE4-4726-8DCB-DA36AF9D840F}.Release|Any CPU.Build.0 = Release|Any CPU
		{A32B9E25-2BE4-4726-8DCB-DA36AF9D840F}.Release|x64.ActiveCfg = Release|Any CPU
		{A32B9E25-2BE4-4726-8DCB-DA36AF9D840F}.Release|x64.Build.0 = Release|Any CPU
		{A32B9E25-2BE4-4726-8DCB-DA36AF9D840F}.Release|x86.ActiveCfg = Release|Any CPU
		{A32B9E25-2BE4-4726-8DCB-DA36AF9D840F}.Release|x86.Build.0 = Release|Any CPU
	EndGlobalSection
	GlobalSection(SolutionProperties) = preSolution
		HideSolutionNode = FALSE
	EndGlobalSection
	GlobalSection(NestedProjects) = preSolution
		{1F94BBF1-FEC2-43F5-89C7-A05958E6FD9E} = {827E0CD3-B72D-47B6-A68D-7590B98EB39B}
		{840074EE-F7F3-4A7E-9C63-A9075D6CBA5B} = {827E0CD3-B72D-47B6-A68D-7590B98EB39B}
		{5146C522-571F-4EE5-AF58-FDDC9BE5E9B6} = {827E0CD3-B72D-47B6-A68D-7590B98EB39B}
		{88D4AF31-B8E8-4598-B32E-3D0AEABBF653} = {827E0CD3-B72D-47B6-A68D-7590B98EB39B}
		{FCCDE411-2C84-40FE-8699-E5F70DEFE55F} = {827E0CD3-B72D-47B6-A68D-7590B98EB39B}
		{F47ED653-6736-44F6-B92C-23749D82145D} = {827E0CD3-B72D-47B6-A68D-7590B98EB39B}
		{DA292D19-0DFA-0266-48F6-8F73BA3128F7} = {02EA681E-C7D8-13C7-8484-4AC65E1B71E8}
		{19EF9287-762B-D2DE-7F4D-31E51D72C0B9} = {02EA681E-C7D8-13C7-8484-4AC65E1B71E8}
		{33620057-A44B-FA16-187E-63797798B268} = {02EA681E-C7D8-13C7-8484-4AC65E1B71E8}
		{A32B9E25-2BE4-4726-8DCB-DA36AF9D840F} = {02EA681E-C7D8-13C7-8484-4AC65E1B71E8}
	EndGlobalSection
EndGlobal
