
Microsoft Visual Studio Solution File, Format Version 12.00
# Visual Studio Version 18
VisualStudioVersion = 18.3.11520.95
MinimumVisualStudioVersion = 10.0.40219.1
Project("{2150E333-8FDC-42A3-9474-1A3956D46DE8}") = "src", "src", "{827E0CD3-B72D-47B6-A68D-7590B98EB39B}"
EndProject
Project("{FAE04EC0-301F-11D3-BF4B-00C04F79EFBC}") = "Neo.Application", "src\Neo.Application\Neo.Application.csproj", "{1F94BBF1-FEC2-43F5-89C7-A05958E6FD9E}"
EndProject
Project("{FAE04EC0-301F-11D3-BF4B-00C04F79EFBC}") = "Neo.Domain", "src\Neo.Domain\Neo.Domain.csproj", "{840074EE-F7F3-4A7E-9C63-A9075D6CBA5B}"
EndProject
Project("{FAE04EC0-301F-11D3-BF4B-00C04F79EFBC}") = "Neo.Common", "src\Neo.Common\Neo.Common.csproj", "{5146C522-571F-4EE5-AF58-FDDC9BE5E9B6}"
EndProject
Project("{FAE04EC0-301F-11D3-BF4B-00C04F79EFBC}") = "Neo.Endpoint", "src\Neo.Endpoint\Neo.Endpoint.csproj", "{88D4AF31-B8E8-4598-B32E-3D0AEABBF653}"
EndProject
Project("{FAE04EC0-301F-11D3-BF4B-00C04F79EFBC}") = "Neo.Infrastructure", "src\Neo.Infrastructure\Neo.Infrastructure.csproj", "{FCCDE411-2C84-40FE-8699-E5F70DEFE55F}"
EndProject
Project("{2150E333-8FDC-42A3-9474-1A3956D46DE8}") = "tests", "tests", "{02EA681E-C7D8-13C7-8484-4AC65E1B71E8}"
EndProject
Project("{FAE04EC0-301F-11D3-BF4B-00C04F79EFBC}") = "Neo.Common.Tests", "tests\Neo.Common.Tests\Neo.Common.Tests.csproj", "{DA292D19-0DFA-0266-48F6-8F73BA3128F7}"
EndProject
Project("{FAE04EC0-301F-11D3-BF4B-00C04F79EFBC}") = "Neo.Domain.Tests", "tests\Neo.Domain.Tests\Neo.Domain.Tests.csproj", "{19EF9287-762B-D2DE-7F4D-31E51D72C0B9}"
EndProject
Project("{FAE04EC0-301F-11D3-BF4B-00C04F79EFBC}") = "Neo.Application.Tests", "tests\Neo.Application.Tests\Neo.Application.Tests.csproj", "{33620057-A44B-FA16-187E-63797798B268}"
EndProject
Project("{FAE04EC0-301F-11D3-BF4B-00C04F79EFBC}") = "Neo.Infrastructure.IntegrationTests", "tests\Neo.Infrastructure.IntegrationTests\Neo.Infrastructure.IntegrationTests.csproj", "{A32B9E25-2BE4-4726-8DCB-DA36AF9D840F}"
EndProject
Project("{2150E333-8FDC-42A3-9474-1A3956D46DE8}") = "Solution Items", "Solution Items", "{2A0BC3B3-5A13-47D4-BC76-8FBE96090FEE}"
	ProjectSection(SolutionItems) = preProject
		Directory.Build.props = Directory.Build.props
		Directory.Packages.props = Directory.Packages.props
	EndProjectSection
EndProject
Project("{2150E333-8FDC-42A3-9474-1A3956D46DE8}") = "AgentOrchestration", "AgentOrchestration", "{DE13272A-A1DF-E3A5-AEB0-D99443A0EF36}"
EndProject
Project("{FAE04EC0-301F-11D3-BF4B-00C04F79EFBC}") = "Neo.AgentOrchestration.Contracts", "products\Neo.AgentOrchestration\src\Neo.AgentOrchestration.Contracts\Neo.AgentOrchestration.Contracts.csproj", "{AD69F812-5B43-4080-9D0E-E3C08A524821}"
EndProject
Project("{FAE04EC0-301F-11D3-BF4B-00C04F79EFBC}") = "Neo.AgentOrchestration.Domain", "products\Neo.AgentOrchestration\src\Neo.AgentOrchestration.Domain\Neo.AgentOrchestration.Domain.csproj", "{C6A46BF5-56F5-4AE1-BB3A-E1908EBFBE8F}"
EndProject
Project("{FAE04EC0-301F-11D3-BF4B-00C04F79EFBC}") = "Neo.AgentOrchestration.Application", "products\Neo.AgentOrchestration\src\Neo.AgentOrchestration.Application\Neo.AgentOrchestration.Application.csproj", "{F036EB07-AD97-41B8-95A4-3F97E6C50E4F}"
EndProject
Project("{FAE04EC0-301F-11D3-BF4B-00C04F79EFBC}") = "Neo.AgentOrchestration.Infrastructure", "products\Neo.AgentOrchestration\src\Neo.AgentOrchestration.Infrastructure\Neo.AgentOrchestration.Infrastructure.csproj", "{2C37A41B-AA54-4BD9-893C-9280B6C62C5E}"
EndProject
Project("{FAE04EC0-301F-11D3-BF4B-00C04F79EFBC}") = "Neo.AgentOrchestration.Api", "products\Neo.AgentOrchestration\src\Neo.AgentOrchestration.Api\Neo.AgentOrchestration.Api.csproj", "{24725AAC-A04F-4394-8E43-2C9B2C5DF3CA}"
EndProject
Project("{FAE04EC0-301F-11D3-BF4B-00C04F79EFBC}") = "Neo.AgentOrchestration.Web", "products\Neo.AgentOrchestration\src\Neo.AgentOrchestration.Web\Neo.AgentOrchestration.Web.csproj", "{7CFF2221-9A29-4400-8EDC-A38079FD9B00}"
EndProject
Project("{FAE04EC0-301F-11D3-BF4B-00C04F79EFBC}") = "Neo.AgentOrchestration.Mcp", "products\Neo.AgentOrchestration\src\Neo.AgentOrchestration.Mcp\Neo.AgentOrchestration.Mcp.csproj", "{3A95B46C-9CDC-4A20-9535-87A52E80B8CA}"
EndProject
Project("{FAE04EC0-301F-11D3-BF4B-00C04F79EFBC}") = "Neo.AgentOrchestration.Provisioning", "products\Neo.AgentOrchestration\src\Neo.AgentOrchestration.Provisioning\Neo.AgentOrchestration.Provisioning.csproj", "{6988CAE0-B2FE-4C20-B9DB-6E1B40A7F5FD}"
EndProject
Project("{FAE04EC0-301F-11D3-BF4B-00C04F79EFBC}") = "Neo.AgentOrchestration.Worker", "products\Neo.AgentOrchestration\src\Neo.AgentOrchestration.Worker\Neo.AgentOrchestration.Worker.csproj", "{579235E1-C8C5-4FDB-9F8F-67B05D8E84D1}"
EndProject
Project("{FAE04EC0-301F-11D3-BF4B-00C04F79EFBC}") = "Neo.AgentOrchestration.Tests", "products\Neo.AgentOrchestration\tests\Neo.AgentOrchestration.Tests\Neo.AgentOrchestration.Tests.csproj", "{B0944172-4FD4-408C-B483-7985C18786B3}"
EndProject
Project("{2150E333-8FDC-42A3-9474-1A3956D46DE8}") = "products", "products", "{91DB166F-8FA8-D710-9FF9-784B929F57E0}"
EndProject
Project("{2150E333-8FDC-42A3-9474-1A3956D46DE8}") = "Neo.FanasaIdentity", "Neo.FanasaIdentity", "{AB8D5D76-8933-BC59-46AB-80686B2D78A1}"
EndProject
Project("{2150E333-8FDC-42A3-9474-1A3956D46DE8}") = "src", "src", "{EFDFC834-8C43-F091-F159-4412CC270A5B}"
EndProject
Project("{FAE04EC0-301F-11D3-BF4B-00C04F79EFBC}") = "Neo.FanasaIdentity.Contracts", "products\Neo.FanasaIdentity\src\Neo.FanasaIdentity.Contracts\Neo.FanasaIdentity.Contracts.csproj", "{71BD538A-2B50-4470-BAF4-4F22E3A0FAC0}"
EndProject
Project("{FAE04EC0-301F-11D3-BF4B-00C04F79EFBC}") = "Neo.FanasaIdentity.Domain", "products\Neo.FanasaIdentity\src\Neo.FanasaIdentity.Domain\Neo.FanasaIdentity.Domain.csproj", "{D7F77314-9A5B-4BA8-B73B-C7C91820DF48}"
EndProject
Project("{FAE04EC0-301F-11D3-BF4B-00C04F79EFBC}") = "Neo.FanasaIdentity.Application", "products\Neo.FanasaIdentity\src\Neo.FanasaIdentity.Application\Neo.FanasaIdentity.Application.csproj", "{72CAE0BA-B351-4A0A-9A93-5565048518D7}"
EndProject
Project("{FAE04EC0-301F-11D3-BF4B-00C04F79EFBC}") = "Neo.FanasaIdentity.Infrastructure", "products\Neo.FanasaIdentity\src\Neo.FanasaIdentity.Infrastructure\Neo.FanasaIdentity.Infrastructure.csproj", "{14BE33DA-0972-48C9-96E0-9D8EB25EAFFB}"
EndProject
Project("{FAE04EC0-301F-11D3-BF4B-00C04F79EFBC}") = "Neo.FanasaIdentity.Api", "products\Neo.FanasaIdentity\src\Neo.FanasaIdentity.Api\Neo.FanasaIdentity.Api.csproj", "{9E45ACB1-82EC-4170-819F-A15A22691C0D}"
EndProject
Project("{2150E333-8FDC-42A3-9474-1A3956D46DE8}") = "tests", "tests", "{63AC320F-1B31-459B-1F18-AC5D4DBC70E7}"
EndProject
Project("{FAE04EC0-301F-11D3-BF4B-00C04F79EFBC}") = "Neo.FanasaIdentity.Tests", "products\Neo.FanasaIdentity\tests\Neo.FanasaIdentity.Tests\Neo.FanasaIdentity.Tests.csproj", "{BDB3D2DF-C4AE-417A-913B-68B5D18E9186}"
EndProject
Global
	GlobalSection(SolutionConfigurationPlatforms) = preSolution
		Debug|Any CPU = Debug|Any CPU
		Debug|x64 = Debug|x64
		Debug|x86 = Debug|x86
		Release|Any CPU = Release|Any CPU
		Release|x64 = Release|x64
		Release|x86 = Release|x86
	EndGlobalSection
	GlobalSection(ProjectConfigurationPlatforms) = postSolution
		{1F94BBF1-FEC2-43F5-89C7-A05958E6FD9E}.Debug|Any CPU.ActiveCfg = Debug|Any CPU
		{1F94BBF1-FEC2-43F5-89C7-A05958E6FD9E}.Debug|Any CPU.Build.0 = Debug|Any CPU
		{1F94BBF1-FEC2-43F5-89C7-A05958E6FD9E}.Debug|x64.ActiveCfg = Debug|Any CPU
		{1F94BBF1-FEC2-43F5-89C7-A05958E6FD9E}.Debug|x64.Build.0 = Debug|Any CPU
		{1F94BBF1-FEC2-43F5-89C7-A05958E6FD9E}.Debug|x86.ActiveCfg = Debug|Any CPU
		{1F94BBF1-FEC2-43F5-89C7-A05958E6FD9E}.Debug|x86.Build.0 = Debug|Any CPU
		{1F94BBF1-FEC2-43F5-89C7-A05958E6FD9E}.Release|Any CPU.ActiveCfg = Release|Any CPU
		{1F94BBF1-FEC2-43F5-89C7-A05958E6FD9E}.Release|Any CPU.Build.0 = Release|Any CPU
		{1F94BBF1-FEC2-43F5-89C7-A05958E6FD9E}.Release|x64.ActiveCfg = Release|Any CPU
		{1F94BBF1-FEC2-43F5-89C7-A05958E6FD9E}.Release|x64.Build.0 = Release|Any CPU
		{1F94BBF1-FEC2-43F5-89C7-A05958E6FD9E}.Release|x86.ActiveCfg = Release|Any CPU
		{1F94BBF1-FEC2-43F5-89C7-A05958E6FD9E}.Release|x86.Build.0 = Release|Any CPU
		{840074EE-F7F3-4A7E-9C63-A9075D6CBA5B}.Debug|Any CPU.ActiveCfg = Debug|Any CPU
		{840074EE-F7F3-4A7E-9C63-A9075D6CBA5B}.Debug|Any CPU.Build.0 = Debug|Any CPU
		{840074EE-F7F3-4A7E-9C63-A9075D6CBA5B}.Debug|x64.ActiveCfg = Debug|Any CPU
		{840074EE-F7F3-4A7E-9C63-A9075D6CBA5B}.Debug|x64.Build.0 = Debug|Any CPU
		{840074EE-F7F3-4A7E-9C63-A9075D6CBA5B}.Debug|x86.ActiveCfg = Debug|Any CPU
		{840074EE-F7F3-4A7E-9C63-A9075D6CBA5B}.Debug|x86.Build.0 = Debug|Any CPU
		{840074EE-F7F3-4A7E-9C63-A9075D6CBA5B}.Release|Any CPU.ActiveCfg = Release|Any CPU
		{840074EE-F7F3-4A7E-9C63-A9075D6CBA5B}.Release|Any CPU.Build.0 = Release|Any CPU
		{840074EE-F7F3-4A7E-9C63-A9075D6CBA5B}.Release|x64.ActiveCfg = Release|Any CPU
		{840074EE-F7F3-4A7E-9C63-A9075D6CBA5B}.Release|x64.Build.0 = Release|Any CPU
		{840074EE-F7F3-4A7E-9C63-A9075D6CBA5B}.Release|x86.ActiveCfg = Release|Any CPU
		{840074EE-F7F3-4A7E-9C63-A9075D6CBA5B}.Release|x86.Build.0 = Release|Any CPU
		{5146C522-571F-4EE5-AF58-FDDC9BE5E9B6}.Debug|Any CPU.ActiveCfg = Debug|Any CPU
		{5146C522-571F-4EE5-AF58-FDDC9BE5E9B6}.Debug|Any CPU.Build.0 = Debug|Any CPU
		{5146C522-571F-4EE5-AF58-FDDC9BE5E9B6}.Debug|x64.ActiveCfg = Debug|Any CPU
		{5146C522-571F-4EE5-AF58-FDDC9BE5E9B6}.Debug|x64.Build.0 = Debug|Any CPU
		{5146C522-571F-4EE5-AF58-FDDC9BE5E9B6}.Debug|x86.ActiveCfg = Debug|Any CPU
		{5146C522-571F-4EE5-AF58-FDDC9BE5E9B6}.Debug|x86.Build.0 = Debug|Any CPU
		{5146C522-571F-4EE5-AF58-FDDC9BE5E9B6}.Release|Any CPU.ActiveCfg = Release|Any CPU
		{5146C522-571F-4EE5-AF58-FDDC9BE5E9B6}.Release|Any CPU.Build.0 = Release|Any CPU
		{5146C522-571F-4EE5-AF58-FDDC9BE5E9B6}.Release|x64.ActiveCfg = Release|Any CPU
		{5146C522-571F-4EE5-AF58-FDDC9BE5E9B6}.Release|x64.Build.0 = Release|Any CPU
		{5146C522-571F-4EE5-AF58-FDDC9BE5E9B6}.Release|x86.ActiveCfg = Release|Any CPU
		{5146C522-571F-4EE5-AF58-FDDC9BE5E9B6}.Release|x86.Build.0 = Release|Any CPU
		{88D4AF31-B8E8-4598-B32E-3D0AEABBF653}.Debug|Any CPU.ActiveCfg = Debug|Any CPU
		{88D4AF31-B8E8-4598-B32E-3D0AEABBF653}.Debug|Any CPU.Build.0 = Debug|Any CPU
		{88D4AF31-B8E8-4598-B32E-3D0AEABBF653}.Debug|x64.ActiveCfg = Debug|Any CPU
		{88D4AF31-B8E8-4598-B32E-3D0AEABBF653}.Debug|x64.Build.0 = Debug|Any CPU
		{88D4AF31-B8E8-4598-B32E-3D0AEABBF653}.Debug|x86.ActiveCfg = Debug|Any CPU
		{88D4AF31-B8E8-4598-B32E-3D0AEABBF653}.Debug|x86.Build.0 = Debug|Any CPU
		{88D4AF31-B8E8-4598-B32E-3D0AEABBF653}.Release|Any CPU.ActiveCfg = Release|Any CPU
		{88D4AF31-B8E8-4598-B32E-3D0AEABBF653}.Release|Any CPU.Build.0 = Release|Any CPU
		{88D4AF31-B8E8-4598-B32E-3D0AEABBF653}.Release|x64.ActiveCfg = Release|Any CPU
		{88D4AF31-B8E8-4598-B32E-3D0AEABBF653}.Release|x64.Build.0 = Release|Any CPU
		{88D4AF31-B8E8-4598-B32E-3D0AEABBF653}.Release|x86.ActiveCfg = Release|Any CPU
		{88D4AF31-B8E8-4598-B32E-3D0AEABBF653}.Release|x86.Build.0 = Release|Any CPU
		{FCCDE411-2C84-40FE-8699-E5F70DEFE55F}.Debug|Any CPU.ActiveCfg = Debug|Any CPU
		{FCCDE411-2C84-40FE-8699-E5F70DEFE55F}.Debug|Any CPU.Build.0 = Debug|Any CPU
		{FCCDE411-2C84-40FE-8699-E5F70DEFE55F}.Debug|x64.ActiveCfg = Debug|Any CPU
		{FCCDE411-2C84-40FE-8699-E5F70DEFE55F}.Debug|x64.Build.0 = Debug|Any CPU
		{FCCDE411-2C84-40FE-8699-E5F70DEFE55F}.Debug|x86.ActiveCfg = Debug|Any CPU
		{FCCDE411-2C84-40FE-8699-E5F70DEFE55F}.Debug|x86.Build.0 = Debug|Any CPU
		{FCCDE411-2C84-40FE-8699-E5F70DEFE55F}.Release|Any CPU.ActiveCfg = Release|Any CPU
		{FCCDE411-2C84-40FE-8699-E5F70DEFE55F}.Release|Any CPU.Build.0 = Release|Any CPU
		{FCCDE411-2C84-40FE-8699-E5F70DEFE55F}.Release|x64.ActiveCfg = Release|Any CPU
		{FCCDE411-2C84-40FE-8699-E5F70DEFE55F}.Release|x64.Build.0 = Release|Any CPU
		{FCCDE411-2C84-40FE-8699-E5F70DEFE55F}.Release|x86.ActiveCfg = Release|Any CPU
		{FCCDE411-2C84-40FE-8699-E5F70DEFE55F}.Release|x86.Build.0 = Release|Any CPU
		{DA292D19-0DFA-0266-48F6-8F73BA3128F7}.Debug|Any CPU.ActiveCfg = Debug|Any CPU
		{DA292D19-0DFA-0266-48F6-8F73BA3128F7}.Debug|Any CPU.Build.0 = Debug|Any CPU
		{DA292D19-0DFA-0266-48F6-8F73BA3128F7}.Debug|x64.ActiveCfg = Debug|Any CPU
		{DA292D19-0DFA-0266-48F6-8F73BA3128F7}.Debug|x64.Build.0 = Debug|Any CPU
		{DA292D19-0DFA-0266-48F6-8F73BA3128F7}.Debug|x86.ActiveCfg = Debug|Any CPU
		{DA292D19-0DFA-0266-48F6-8F73BA3128F7}.Debug|x86.Build.0 = Debug|Any CPU
		{DA292D19-0DFA-0266-48F6-8F73BA3128F7}.Release|Any CPU.ActiveCfg = Release|Any CPU
		{DA292D19-0DFA-0266-48F6-8F73BA3128F7}.Release|Any CPU.Build.0 = Release|Any CPU
		{DA292D19-0DFA-0266-48F6-8F73BA3128F7}.Release|x64.ActiveCfg = Release|Any CPU
		{DA292D19-0DFA-0266-48F6-8F73BA3128F7}.Release|x64.Build.0 = Release|Any CPU
		{DA292D19-0DFA-0266-48F6-8F73BA3128F7}.Release|x86.ActiveCfg = Release|Any CPU
		{DA292D19-0DFA-0266-48F6-8F73BA3128F7}.Release|x86.Build.0 = Release|Any CPU
		{19EF9287-762B-D2DE-7F4D-31E51D72C0B9}.Debug|Any CPU.ActiveCfg = Debug|Any CPU
		{19EF9287-762B-D2DE-7F4D-31E51D72C0B9}.Debug|Any CPU.Build.0 = Debug|Any CPU
		{19EF9287-762B-D2DE-7F4D-31E51D72C0B9}.Debug|x64.ActiveCfg = Debug|Any CPU
		{19EF9287-762B-D2DE-7F4D-31E51D72C0B9}.Debug|x64.Build.0 = Debug|Any CPU
		{19EF9287-762B-D2DE-7F4D-31E51D72C0B9}.Debug|x86.ActiveCfg = Debug|Any CPU
		{19EF9287-762B-D2DE-7F4D-31E51D72C0B9}.Debug|x86.Build.0 = Debug|Any CPU
		{19EF9287-762B-D2DE-7F4D-31E51D72C0B9}.Release|Any CPU.ActiveCfg = Release|Any CPU
		{19EF9287-762B-D2DE-7F4D-31E51D72C0B9}.Release|Any CPU.Build.0 = Release|Any CPU
		{19EF9287-762B-D2DE-7F4D-31E51D72C0B9}.Release|x64.ActiveCfg = Release|Any CPU
		{19EF9287-762B-D2DE-7F4D-31E51D72C0B9}.Release|x64.Build.0 = Release|Any CPU
		{19EF9287-762B-D2DE-7F4D-31E51D72C0B9}.Release|x86.ActiveCfg = Release|Any CPU
		{19EF9287-762B-D2DE-7F4D-31E51D72C0B9}.Release|x86.Build.0 = Release|Any CPU
		{33620057-A44B-FA16-187E-63797798B268}.Debug|Any CPU.ActiveCfg = Debug|Any CPU
		{33620057-A44B-FA16-187E-63797798B268}.Debug|Any CPU.Build.0 = Debug|Any CPU
		{33620057-A44B-FA16-187E-63797798B268}.Debug|x64.ActiveCfg = Debug|Any CPU
		{33620057-A44B-FA16-187E-63797798B268}.Debug|x64.Build.0 = Debug|Any CPU
		{33620057-A44B-FA16-187E-63797798B268}.Debug|x86.ActiveCfg = Debug|Any CPU
		{33620057-A44B-FA16-187E-63797798B268}.Debug|x86.Build.0 = Debug|Any CPU
		{33620057-A44B-FA16-187E-63797798B268}.Release|Any CPU.ActiveCfg = Release|Any CPU
		{33620057-A44B-FA16-187E-63797798B268}.Release|Any CPU.Build.0 = Release|Any CPU
		{33620057-A44B-FA16-187E-63797798B268}.Release|x64.ActiveCfg = Release|Any CPU
		{33620057-A44B-FA16-187E-63797798B268}.Release|x64.Build.0 = Release|Any CPU
		{33620057-A44B-FA16-187E-63797798B268}.Release|x86.ActiveCfg = Release|Any CPU
		{33620057-A44B-FA16-187E-63797798B268}.Release|x86.Build.0 = Release|Any CPU
		{A32B9E25-2BE4-4726-8DCB-DA36AF9D840F}.Debug|Any CPU.ActiveCfg = Debug|Any CPU
		{A32B9E25-2BE4-4726-8DCB-DA36AF9D840F}.Debug|Any CPU.Build.0 = Debug|Any CPU
		{A32B9E25-2BE4-4726-8DCB-DA36AF9D840F}.Debug|x64.ActiveCfg = Debug|Any CPU
		{A32B9E25-2BE4-4726-8DCB-DA36AF9D840F}.Debug|x64.Build.0 = Debug|Any CPU
		{A32B9E25-2BE4-4726-8DCB-DA36AF9D840F}.Debug|x86.ActiveCfg = Debug|Any CPU
		{A32B9E25-2BE4-4726-8DCB-DA36AF9D840F}.Debug|x86.Build.0 = Debug|Any CPU
		{A32B9E25-2BE4-4726-8DCB-DA36AF9D840F}.Release|Any CPU.ActiveCfg = Release|Any CPU
		{A32B9E25-2BE4-4726-8DCB-DA36AF9D840F}.Release|Any CPU.Build.0 = Release|Any CPU
		{A32B9E25-2BE4-4726-8DCB-DA36AF9D840F}.Release|x64.ActiveCfg = Release|Any CPU
		{A32B9E25-2BE4-4726-8DCB-DA36AF9D840F}.Release|x64.Build.0 = Release|Any CPU
		{A32B9E25-2BE4-4726-8DCB-DA36AF9D840F}.Release|x86.ActiveCfg = Release|Any CPU
		{A32B9E25-2BE4-4726-8DCB-DA36AF9D840F}.Release|x86.Build.0 = Release|Any CPU
		{AD69F812-5B43-4080-9D0E-E3C08A524821}.Debug|Any CPU.ActiveCfg = Debug|Any CPU
		{AD69F812-5B43-4080-9D0E-E3C08A524821}.Debug|Any CPU.Build.0 = Debug|Any CPU
		{AD69F812-5B43-4080-9D0E-E3C08A524821}.Debug|x64.ActiveCfg = Debug|Any CPU
		{AD69F812-5B43-4080-9D0E-E3C08A524821}.Debug|x64.Build.0 = Debug|Any CPU
		{AD69F812-5B43-4080-9D0E-E3C08A524821}.Debug|x86.ActiveCfg = Debug|Any CPU
		{AD69F812-5B43-4080-9D0E-E3C08A524821}.Debug|x86.Build.0 = Debug|Any CPU
		{AD69F812-5B43-4080-9D0E-E3C08A524821}.Release|Any CPU.ActiveCfg = Release|Any CPU
		{AD69F812-5B43-4080-9D0E-E3C08A524821}.Release|Any CPU.Build.0 = Release|Any CPU
		{AD69F812-5B43-4080-9D0E-E3C08A524821}.Release|x64.ActiveCfg = Release|Any CPU
		{AD69F812-5B43-4080-9D0E-E3C08A524821}.Release|x64.Build.0 = Release|Any CPU
		{AD69F812-5B43-4080-9D0E-E3C08A524821}.Release|x86.ActiveCfg = Release|Any CPU
		{AD69F812-5B43-4080-9D0E-E3C08A524821}.Release|x86.Build.0 = Release|Any CPU
		{C6A46BF5-56F5-4AE1-BB3A-E1908EBFBE8F}.Debug|Any CPU.ActiveCfg = Debug|Any CPU
		{C6A46BF5-56F5-4AE1-BB3A-E1908EBFBE8F}.Debug|Any CPU.Build.0 = Debug|Any CPU
		{C6A46BF5-56F5-4AE1-BB3A-E1908EBFBE8F}.Debug|x64.ActiveCfg = Debug|Any CPU
		{C6A46BF5-56F5-4AE1-BB3A-E1908EBFBE8F}.Debug|x64.Build.0 = Debug|Any CPU
		{C6A46BF5-56F5-4AE1-BB3A-E1908EBFBE8F}.Debug|x86.ActiveCfg = Debug|Any CPU
		{C6A46BF5-56F5-4AE1-BB3A-E1908EBFBE8F}.Debug|x86.Build.0 = Debug|Any CPU
		{C6A46BF5-56F5-4AE1-BB3A-E1908EBFBE8F}.Release|Any CPU.ActiveCfg = Release|Any CPU
		{C6A46BF5-56F5-4AE1-BB3A-E1908EBFBE8F}.Release|Any CPU.Build.0 = Release|Any CPU
		{C6A46BF5-56F5-4AE1-BB3A-E1908EBFBE8F}.Release|x64.ActiveCfg = Release|Any CPU
		{C6A46BF5-56F5-4AE1-BB3A-E1908EBFBE8F}.Release|x64.Build.0 = Release|Any CPU
		{C6A46BF5-56F5-4AE1-BB3A-E1908EBFBE8F}.Release|x86.ActiveCfg = Release|Any CPU
		{C6A46BF5-56F5-4AE1-BB3A-E1908EBFBE8F}.Release|x86.Build.0 = Release|Any CPU
		{F036EB07-AD97-41B8-95A4-3F97E6C50E4F}.Debug|Any CPU.ActiveCfg = Debug|Any CPU
		{F036EB07-AD97-41B8-95A4-3F97E6C50E4F}.Debug|Any CPU.Build.0 = Debug|Any CPU
		{F036EB07-AD97-41B8-95A4-3F97E6C50E4F}.Debug|x64.ActiveCfg = Debug|Any CPU
		{F036EB07-AD97-41B8-95A4-3F97E6C50E4F}.Debug|x64.Build.0 = Debug|Any CPU
		{F036EB07-AD97-41B8-95A4-3F97E6C50E4F}.Debug|x86.ActiveCfg = Debug|Any CPU
		{F036EB07-AD97-41B8-95A4-3F97E6C50E4F}.Debug|x86.Build.0 = Debug|Any CPU
		{F036EB07-AD97-41B8-95A4-3F97E6C50E4F}.Release|Any CPU.ActiveCfg = Release|Any CPU
		{F036EB07-AD97-41B8-95A4-3F97E6C50E4F}.Release|Any CPU.Build.0 = Release|Any CPU
		{F036EB07-AD97-41B8-95A4-3F97E6C50E4F}.Release|x64.ActiveCfg = Release|Any CPU
		{F036EB07-AD97-41B8-95A4-3F97E6C50E4F}.Release|x64.Build.0 = Release|Any CPU
		{F036EB07-AD97-41B8-95A4-3F97E6C50E4F}.Release|x86.ActiveCfg = Release|Any CPU
		{F036EB07-AD97-41B8-95A4-3F97E6C50E4F}.Release|x86.Build.0 = Release|Any CPU
		{2C37A41B-AA54-4BD9-893C-9280B6C62C5E}.Debug|Any CPU.ActiveCfg = Debug|Any CPU
		{2C37A41B-AA54-4BD9-893C-9280B6C62C5E}.Debug|Any CPU.Build.0 = Debug|Any CPU
		{2C37A41B-AA54-4BD9-893C-9280B6C62C5E}.Debug|x64.ActiveCfg = Debug|Any CPU
		{2C37A41B-AA54-4BD9-893C-9280B6C62C5E}.Debug|x64.Build.0 = Debug|Any CPU
		{2C37A41B-AA54-4BD9-893C-9280B6C62C5E}.Debug|x86.ActiveCfg = Debug|Any CPU
		{2C37A41B-AA54-4BD9-893C-9280B6C62C5E}.Debug|x86.Build.0 = Debug|Any CPU
		{2C37A41B-AA54-4BD9-893C-9280B6C62C5E}.Release|Any CPU.ActiveCfg = Release|Any CPU
		{2C37A41B-AA54-4BD9-893C-9280B6C62C5E}.Release|Any CPU.Build.0 = Release|Any CPU
		{2C37A41B-AA54-4BD9-893C-9280B6C62C5E}.Release|x64.ActiveCfg = Release|Any CPU
		{2C37A41B-AA54-4BD9-893C-9280B6C62C5E}.Release|x64.Build.0 = Release|Any CPU
		{2C37A41B-AA54-4BD9-893C-9280B6C62C5E}.Release|x86.ActiveCfg = Release|Any CPU
		{2C37A41B-AA54-4BD9-893C-9280B6C62C5E}.Release|x86.Build.0 = Release|Any CPU
		{24725AAC-A04F-4394-8E43-2C9B2C5DF3CA}.Debug|Any CPU.ActiveCfg = Debug|Any CPU
		{24725AAC-A04F-4394-8E43-2C9B2C5DF3CA}.Debug|Any CPU.Build.0 = Debug|Any CPU
		{24725AAC-A04F-4394-8E43-2C9B2C5DF3CA}.Debug|x64.ActiveCfg = Debug|Any CPU
		{24725AAC-A04F-4394-8E43-2C9B2C5DF3CA}.Debug|x64.Build.0 = Debug|Any CPU
		{24725AAC-A04F-4394-8E43-2C9B2C5DF3CA}.Debug|x86.ActiveCfg = Debug|Any CPU
		{24725AAC-A04F-4394-8E43-2C9B2C5DF3CA}.Debug|x86.Build.0 = Debug|Any CPU
		{24725AAC-A04F-4394-8E43-2C9B2C5DF3CA}.Release|Any CPU.ActiveCfg = Release|Any CPU
		{24725AAC-A04F-4394-8E43-2C9B2C5DF3CA}.Release|Any CPU.Build.0 = Release|Any CPU
		{24725AAC-A04F-4394-8E43-2C9B2C5DF3CA}.Release|x64.ActiveCfg = Release|Any CPU
		{24725AAC-A04F-4394-8E43-2C9B2C5DF3CA}.Release|x64.Build.0 = Release|Any CPU
		{24725AAC-A04F-4394-8E43-2C9B2C5DF3CA}.Release|x86.ActiveCfg = Release|Any CPU
		{24725AAC-A04F-4394-8E43-2C9B2C5DF3CA}.Release|x86.Build.0 = Release|Any CPU
		{7CFF2221-9A29-4400-8EDC-A38079FD9B00}.Debug|Any CPU.ActiveCfg = Debug|Any CPU
		{7CFF2221-9A29-4400-8EDC-A38079FD9B00}.Debug|Any CPU.Build.0 = Debug|Any CPU
		{7CFF2221-9A29-4400-8EDC-A38079FD9B00}.Debug|x64.ActiveCfg = Debug|Any CPU
		{7CFF2221-9A29-4400-8EDC-A38079FD9B00}.Debug|x64.Build.0 = Debug|Any CPU
		{7CFF2221-9A29-4400-8EDC-A38079FD9B00}.Debug|x86.ActiveCfg = Debug|Any CPU
		{7CFF2221-9A29-4400-8EDC-A38079FD9B00}.Debug|x86.Build.0 = Debug|Any CPU
		{7CFF2221-9A29-4400-8EDC-A38079FD9B00}.Release|Any CPU.ActiveCfg = Release|Any CPU
		{7CFF2221-9A29-4400-8EDC-A38079FD9B00}.Release|Any CPU.Build.0 = Release|Any CPU
		{7CFF2221-9A29-4400-8EDC-A38079FD9B00}.Release|x64.ActiveCfg = Release|Any CPU
		{7CFF2221-9A29-4400-8EDC-A38079FD9B00}.Release|x64.Build.0 = Release|Any CPU
		{7CFF2221-9A29-4400-8EDC-A38079FD9B00}.Release|x86.ActiveCfg = Release|Any CPU
		{7CFF2221-9A29-4400-8EDC-A38079FD9B00}.Release|x86.Build.0 = Release|Any CPU
		{3A95B46C-9CDC-4A20-9535-87A52E80B8CA}.Debug|Any CPU.ActiveCfg = Debug|Any CPU
		{3A95B46C-9CDC-4A20-9535-87A52E80B8CA}.Debug|Any CPU.Build.0 = Debug|Any CPU
		{3A95B46C-9CDC-4A20-9535-87A52E80B8CA}.Debug|x64.ActiveCfg = Debug|Any CPU
		{3A95B46C-9CDC-4A20-9535-87A52E80B8CA}.Debug|x64.Build.0 = Debug|Any CPU
		{3A95B46C-9CDC-4A20-9535-87A52E80B8CA}.Debug|x86.ActiveCfg = Debug|Any CPU
		{3A95B46C-9CDC-4A20-9535-87A52E80B8CA}.Debug|x86.Build.0 = Debug|Any CPU
		{3A95B46C-9CDC-4A20-9535-87A52E80B8CA}.Release|Any CPU.ActiveCfg = Release|Any CPU
		{3A95B46C-9CDC-4A20-9535-87A52E80B8CA}.Release|Any CPU.Build.0 = Release|Any CPU
		{3A95B46C-9CDC-4A20-9535-87A52E80B8CA}.Release|x64.ActiveCfg = Release|Any CPU
		{3A95B46C-9CDC-4A20-9535-87A52E80B8CA}.Release|x64.Build.0 = Release|Any CPU
		{3A95B46C-9CDC-4A20-9535-87A52E80B8CA}.Release|x86.ActiveCfg = Release|Any CPU
		{3A95B46C-9CDC-4A20-9535-87A52E80B8CA}.Release|x86.Build.0 = Release|Any CPU
		{6988CAE0-B2FE-4C20-B9DB-6E1B40A7F5FD}.Debug|Any CPU.ActiveCfg = Debug|Any CPU
		{6988CAE0-B2FE-4C20-B9DB-6E1B40A7F5FD}.Debug|Any CPU.Build.0 = Debug|Any CPU
		{6988CAE0-B2FE-4C20-B9DB-6E1B40A7F5FD}.Debug|x64.ActiveCfg = Debug|Any CPU
		{6988CAE0-B2FE-4C20-B9DB-6E1B40A7F5FD}.Debug|x64.Build.0 = Debug|Any CPU
		{6988CAE0-B2FE-4C20-B9DB-6E1B40A7F5FD}.Debug|x86.ActiveCfg = Debug|Any CPU
		{6988CAE0-B2FE-4C20-B9DB-6E1B40A7F5FD}.Debug|x86.Build.0 = Debug|Any CPU
		{6988CAE0-B2FE-4C20-B9DB-6E1B40A7F5FD}.Release|Any CPU.ActiveCfg = Release|Any CPU
		{6988CAE0-B2FE-4C20-B9DB-6E1B40A7F5FD}.Release|Any CPU.Build.0 = Release|Any CPU
		{6988CAE0-B2FE-4C20-B9DB-6E1B40A7F5FD}.Release|x64.ActiveCfg = Release|Any CPU
		{6988CAE0-B2FE-4C20-B9DB-6E1B40A7F5FD}.Release|x64.Build.0 = Release|Any CPU
		{6988CAE0-B2FE-4C20-B9DB-6E1B40A7F5FD}.Release|x86.ActiveCfg = Release|Any CPU
		{6988CAE0-B2FE-4C20-B9DB-6E1B40A7F5FD}.Release|x86.Build.0 = Release|Any CPU
		{579235E1-C8C5-4FDB-9F8F-67B05D8E84D1}.Debug|Any CPU.ActiveCfg = Debug|Any CPU
		{579235E1-C8C5-4FDB-9F8F-67B05D8E84D1}.Debug|Any CPU.Build.0 = Debug|Any CPU
		{579235E1-C8C5-4FDB-9F8F-67B05D8E84D1}.Debug|x64.ActiveCfg = Debug|Any CPU
		{579235E1-C8C5-4FDB-9F8F-67B05D8E84D1}.Debug|x64.Build.0 = Debug|Any CPU
		{579235E1-C8C5-4FDB-9F8F-67B05D8E84D1}.Debug|x86.ActiveCfg = Debug|Any CPU
		{579235E1-C8C5-4FDB-9F8F-67B05D8E84D1}.Debug|x86.Build.0 = Debug|Any CPU
		{579235E1-C8C5-4FDB-9F8F-67B05D8E84D1}.Release|Any CPU.ActiveCfg = Release|Any CPU
		{579235E1-C8C5-4FDB-9F8F-67B05D8E84D1}.Release|Any CPU.Build.0 = Release|Any CPU
		{579235E1-C8C5-4FDB-9F8F-67B05D8E84D1}.Release|x64.ActiveCfg = Release|Any CPU
		{579235E1-C8C5-4FDB-9F8F-67B05D8E84D1}.Release|x64.Build.0 = Release|Any CPU
		{579235E1-C8C5-4FDB-9F8F-67B05D8E84D1}.Release|x86.ActiveCfg = Release|Any CPU
		{579235E1-C8C5-4FDB-9F8F-67B05D8E84D1}.Release|x86.Build.0 = Release|Any CPU
		{B0944172-4FD4-408C-B483-7985C18786B3}.Debug|Any CPU.ActiveCfg = Debug|Any CPU
		{B0944172-4FD4-408C-B483-7985C18786B3}.Debug|Any CPU.Build.0 = Debug|Any CPU
		{B0944172-4FD4-408C-B483-7985C18786B3}.Debug|x64.ActiveCfg = Debug|Any CPU
		{B0944172-4FD4-408C-B483-7985C18786B3}.Debug|x64.Build.0 = Debug|Any CPU
		{B0944172-4FD4-408C-B483-7985C18786B3}.Debug|x86.ActiveCfg = Debug|Any CPU
		{B0944172-4FD4-408C-B483-7985C18786B3}.Debug|x86.Build.0 = Debug|Any CPU
		{B0944172-4FD4-408C-B483-7985C18786B3}.Release|Any CPU.ActiveCfg = Release|Any CPU
		{B0944172-4FD4-408C-B483-7985C18786B3}.Release|Any CPU.Build.0 = Release|Any CPU
		{B0944172-4FD4-408C-B483-7985C18786B3}.Release|x64.ActiveCfg = Release|Any CPU
		{B0944172-4FD4-408C-B483-7985C18786B3}.Release|x64.Build.0 = Release|Any CPU
		{B0944172-4FD4-408C-B483-7985C18786B3}.Release|x86.ActiveCfg = Release|Any CPU
		{B0944172-4FD4-408C-B483-7985C18786B3}.Release|x86.Build.0 = Release|Any CPU
		{71BD538A-2B50-4470-BAF4-4F22E3A0FAC0}.Debug|Any CPU.ActiveCfg = Debug|Any CPU
		{71BD538A-2B50-4470-BAF4-4F22E3A0FAC0}.Debug|Any CPU.Build.0 = Debug|Any CPU
		{71BD538A-2B50-4470-BAF4-4F22E3A0FAC0}.Debug|x64.ActiveCfg = Debug|Any CPU
		{71BD538A-2B50-4470-BAF4-4F22E3A0FAC0}.Debug|x64.Build.0 = Debug|Any CPU
		{71BD538A-2B50-4470-BAF4-4F22E3A0FAC0}.Debug|x86.ActiveCfg = Debug|Any CPU
		{71BD538A-2B50-4470-BAF4-4F22E3A0FAC0}.Debug|x86.Build.0 = Debug|Any CPU
		{71BD538A-2B50-4470-BAF4-4F22E3A0FAC0}.Release|Any CPU.ActiveCfg = Release|Any CPU
		{71BD538A-2B50-4470-BAF4-4F22E3A0FAC0}.Release|Any CPU.Build.0 = Release|Any CPU
		{71BD538A-2B50-4470-BAF4-4F22E3A0FAC0}.Release|x64.ActiveCfg = Release|Any CPU
		{71BD538A-2B50-4470-BAF4-4F22E3A0FAC0}.Release|x64.Build.0 = Release|Any CPU
		{71BD538A-2B50-4470-BAF4-4F22E3A0FAC0}.Release|x86.ActiveCfg = Release|Any CPU
		{71BD538A-2B50-4470-BAF4-4F22E3A0FAC0}.Release|x86.Build.0 = Release|Any CPU
		{D7F77314-9A5B-4BA8-B73B-C7C91820DF48}.Debug|Any CPU.ActiveCfg = Debug|Any CPU
		{D7F77314-9A5B-4BA8-B73B-C7C91820DF48}.Debug|Any CPU.Build.0 = Debug|Any CPU
		{D7F77314-9A5B-4BA8-B73B-C7C91820DF48}.Debug|x64.ActiveCfg = Debug|Any CPU
		{D7F77314-9A5B-4BA8-B73B-C7C91820DF48}.Debug|x64.Build.0 = Debug|Any CPU
		{D7F77314-9A5B-4BA8-B73B-C7C91820DF48}.Debug|x86.ActiveCfg = Debug|Any CPU
		{D7F77314-9A5B-4BA8-B73B-C7C91820DF48}.Debug|x86.Build.0 = Debug|Any CPU
		{D7F77314-9A5B-4BA8-B73B-C7C91820DF48}.Release|Any CPU.ActiveCfg = Release|Any CPU
		{D7F77314-9A5B-4BA8-B73B-C7C91820DF48}.Release|Any CPU.Build.0 = Release|Any CPU
		{D7F77314-9A5B-4BA8-B73B-C7C91820DF48}.Release|x64.ActiveCfg = Release|Any CPU
		{D7F77314-9A5B-4BA8-B73B-C7C91820DF48}.Release|x64.Build.0 = Release|Any CPU
		{D7F77314-9A5B-4BA8-B73B-C7C91820DF48}.Release|x86.ActiveCfg = Release|Any CPU
		{D7F77314-9A5B-4BA8-B73B-C7C91820DF48}.Release|x86.Build.0 = Release|Any CPU
		{72CAE0BA-B351-4A0A-9A93-5565048518D7}.Debug|Any CPU.ActiveCfg = Debug|Any CPU
		{72CAE0BA-B351-4A0A-9A93-5565048518D7}.Debug|Any CPU.Build.0 = Debug|Any CPU
		{72CAE0BA-B351-4A0A-9A93-5565048518D7}.Debug|x64.ActiveCfg = Debug|Any CPU
		{72CAE0BA-B351-4A0A-9A93-5565048518D7}.Debug|x64.Build.0 = Debug|Any CPU
		{72CAE0BA-B351-4A0A-9A93-5565048518D7}.Debug|x86.ActiveCfg = Debug|Any CPU
		{72CAE0BA-B351-4A0A-9A93-5565048518D7}.Debug|x86.Build.0 = Debug|Any CPU
		{72CAE0BA-B351-4A0A-9A93-5565048518D7}.Release|Any CPU.ActiveCfg = Release|Any CPU
		{72CAE0BA-B351-4A0A-9A93-5565048518D7}.Release|Any CPU.Build.0 = Release|Any CPU
		{72CAE0BA-B351-4A0A-9A93-5565048518D7}.Release|x64.ActiveCfg = Release|Any CPU
		{72CAE0BA-B351-4A0A-9A93-5565048518D7}.Release|x64.Build.0 = Release|Any CPU
		{72CAE0BA-B351-4A0A-9A93-5565048518D7}.Release|x86.ActiveCfg = Release|Any CPU
		{72CAE0BA-B351-4A0A-9A93-5565048518D7}.Release|x86.Build.0 = Release|Any CPU
		{14BE33DA-0972-48C9-96E0-9D8EB25EAFFB}.Debug|Any CPU.ActiveCfg = Debug|Any CPU
		{14BE33DA-0972-48C9-96E0-9D8EB25EAFFB}.Debug|Any CPU.Build.0 = Debug|Any CPU
		{14BE33DA-0972-48C9-96E0-9D8EB25EAFFB}.Debug|x64.ActiveCfg = Debug|Any CPU
		{14BE33DA-0972-48C9-96E0-9D8EB25EAFFB}.Debug|x64.Build.0 = Debug|Any CPU
		{14BE33DA-0972-48C9-96E0-9D8EB25EAFFB}.Debug|x86.ActiveCfg = Debug|Any CPU
		{14BE33DA-0972-48C9-96E0-9D8EB25EAFFB}.Debug|x86.Build.0 = Debug|Any CPU
		{14BE33DA-0972-48C9-96E0-9D8EB25EAFFB}.Release|Any CPU.ActiveCfg = Release|Any CPU
		{14BE33DA-0972-48C9-96E0-9D8EB25EAFFB}.Release|Any CPU.Build.0 = Release|Any CPU
		{14BE33DA-0972-48C9-96E0-9D8EB25EAFFB}.Release|x64.ActiveCfg = Release|Any CPU
		{14BE33DA-0972-48C9-96E0-9D8EB25EAFFB}.Release|x64.Build.0 = Release|Any CPU
		{14BE33DA-0972-48C9-96E0-9D8EB25EAFFB}.Release|x86.ActiveCfg = Release|Any CPU
		{14BE33DA-0972-48C9-96E0-9D8EB25EAFFB}.Release|x86.Build.0 = Release|Any CPU
		{9E45ACB1-82EC-4170-819F-A15A22691C0D}.Debug|Any CPU.ActiveCfg = Debug|Any CPU
		{9E45ACB1-82EC-4170-819F-A15A22691C0D}.Debug|Any CPU.Build.0 = Debug|Any CPU
		{9E45ACB1-82EC-4170-819F-A15A22691C0D}.Debug|x64.ActiveCfg = Debug|Any CPU
		{9E45ACB1-82EC-4170-819F-A15A22691C0D}.Debug|x64.Build.0 = Debug|Any CPU
		{9E45ACB1-82EC-4170-819F-A15A22691C0D}.Debug|x86.ActiveCfg = Debug|Any CPU
		{9E45ACB1-82EC-4170-819F-A15A22691C0D}.Debug|x86.Build.0 = Debug|Any CPU
		{9E45ACB1-82EC-4170-819F-A15A22691C0D}.Release|Any CPU.ActiveCfg = Release|Any CPU
		{9E45ACB1-82EC-4170-819F-A15A22691C0D}.Release|Any CPU.Build.0 = Release|Any CPU
		{9E45ACB1-82EC-4170-819F-A15A22691C0D}.Release|x64.ActiveCfg = Release|Any CPU
		{9E45ACB1-82EC-4170-819F-A15A22691C0D}.Release|x64.Build.0 = Release|Any CPU
		{9E45ACB1-82EC-4170-819F-A15A22691C0D}.Release|x86.ActiveCfg = Release|Any CPU
		{9E45ACB1-82EC-4170-819F-A15A22691C0D}.Release|x86.Build.0 = Release|Any CPU
		{BDB3D2DF-C4AE-417A-913B-68B5D18E9186}.Debug|Any CPU.ActiveCfg = Debug|Any CPU
		{BDB3D2DF-C4AE-417A-913B-68B5D18E9186}.Debug|Any CPU.Build.0 = Debug|Any CPU
		{BDB3D2DF-C4AE-417A-913B-68B5D18E9186}.Debug|x64.ActiveCfg = Debug|Any CPU
		{BDB3D2DF-C4AE-417A-913B-68B5D18E9186}.Debug|x64.Build.0 = Debug|Any CPU
		{BDB3D2DF-C4AE-417A-913B-68B5D18E9186}.Debug|x86.ActiveCfg = Debug|Any CPU
		{BDB3D2DF-C4AE-417A-913B-68B5D18E9186}.Debug|x86.Build.0 = Debug|Any CPU
		{BDB3D2DF-C4AE-417A-913B-68B5D18E9186}.Release|Any CPU.ActiveCfg = Release|Any CPU
		{BDB3D2DF-C4AE-417A-913B-68B5D18E9186}.Release|Any CPU.Build.0 = Release|Any CPU
		{BDB3D2DF-C4AE-417A-913B-68B5D18E9186}.Release|x64.ActiveCfg = Release|Any CPU
		{BDB3D2DF-C4AE-417A-913B-68B5D18E9186}.Release|x64.Build.0 = Release|Any CPU
		{BDB3D2DF-C4AE-417A-913B-68B5D18E9186}.Release|x86.ActiveCfg = Release|Any CPU
		{BDB3D2DF-C4AE-417A-913B-68B5D18E9186}.Release|x86.Build.0 = Release|Any CPU
	EndGlobalSection
	GlobalSection(SolutionProperties) = preSolution
		HideSolutionNode = FALSE
	EndGlobalSection
	GlobalSection(NestedProjects) = preSolution
		{1F94BBF1-FEC2-43F5-89C7-A05958E6FD9E} = {827E0CD3-B72D-47B6-A68D-7590B98EB39B}
		{840074EE-F7F3-4A7E-9C63-A9075D6CBA5B} = {827E0CD3-B72D-47B6-A68D-7590B98EB39B}
		{5146C522-571F-4EE5-AF58-FDDC9BE5E9B6} = {827E0CD3-B72D-47B6-A68D-7590B98EB39B}
		{88D4AF31-B8E8-4598-B32E-3D0AEABBF653} = {827E0CD3-B72D-47B6-A68D-7590B98EB39B}
		{FCCDE411-2C84-40FE-8699-E5F70DEFE55F} = {827E0CD3-B72D-47B6-A68D-7590B98EB39B}
		{DA292D19-0DFA-0266-48F6-8F73BA3128F7} = {02EA681E-C7D8-13C7-8484-4AC65E1B71E8}
		{19EF9287-762B-D2DE-7F4D-31E51D72C0B9} = {02EA681E-C7D8-13C7-8484-4AC65E1B71E8}
		{33620057-A44B-FA16-187E-63797798B268} = {02EA681E-C7D8-13C7-8484-4AC65E1B71E8}
		{A32B9E25-2BE4-4726-8DCB-DA36AF9D840F} = {02EA681E-C7D8-13C7-8484-4AC65E1B71E8}
		{AD69F812-5B43-4080-9D0E-E3C08A524821} = {DE13272A-A1DF-E3A5-AEB0-D99443A0EF36}
		{C6A46BF5-56F5-4AE1-BB3A-E1908EBFBE8F} = {DE13272A-A1DF-E3A5-AEB0-D99443A0EF36}
		{F036EB07-AD97-41B8-95A4-3F97E6C50E4F} = {DE13272A-A1DF-E3A5-AEB0-D99443A0EF36}
		{2C37A41B-AA54-4BD9-893C-9280B6C62C5E} = {DE13272A-A1DF-E3A5-AEB0-D99443A0EF36}
		{24725AAC-A04F-4394-8E43-2C9B2C5DF3CA} = {DE13272A-A1DF-E3A5-AEB0-D99443A0EF36}
		{7CFF2221-9A29-4400-8EDC-A38079FD9B00} = {DE13272A-A1DF-E3A5-AEB0-D99443A0EF36}
		{3A95B46C-9CDC-4A20-9535-87A52E80B8CA} = {DE13272A-A1DF-E3A5-AEB0-D99443A0EF36}
		{6988CAE0-B2FE-4C20-B9DB-6E1B40A7F5FD} = {DE13272A-A1DF-E3A5-AEB0-D99443A0EF36}
		{579235E1-C8C5-4FDB-9F8F-67B05D8E84D1} = {DE13272A-A1DF-E3A5-AEB0-D99443A0EF36}
		{B0944172-4FD4-408C-B483-7985C18786B3} = {DE13272A-A1DF-E3A5-AEB0-D99443A0EF36}
		{AB8D5D76-8933-BC59-46AB-80686B2D78A1} = {91DB166F-8FA8-D710-9FF9-784B929F57E0}
		{EFDFC834-8C43-F091-F159-4412CC270A5B} = {AB8D5D76-8933-BC59-46AB-80686B2D78A1}
		{71BD538A-2B50-4470-BAF4-4F22E3A0FAC0} = {EFDFC834-8C43-F091-F159-4412CC270A5B}
		{D7F77314-9A5B-4BA8-B73B-C7C91820DF48} = {EFDFC834-8C43-F091-F159-4412CC270A5B}
		{72CAE0BA-B351-4A0A-9A93-5565048518D7} = {EFDFC834-8C43-F091-F159-4412CC270A5B}
		{14BE33DA-0972-48C9-96E0-9D8EB25EAFFB} = {EFDFC834-8C43-F091-F159-4412CC270A5B}
		{9E45ACB1-82EC-4170-819F-A15A22691C0D} = {EFDFC834-8C43-F091-F159-4412CC270A5B}
		{63AC320F-1B31-459B-1F18-AC5D4DBC70E7} = {AB8D5D76-8933-BC59-46AB-80686B2D78A1}
		{BDB3D2DF-C4AE-417A-913B-68B5D18E9186} = {63AC320F-1B31-459B-1F18-AC5D4DBC70E7}
	EndGlobalSection
EndGlobal
