
Microsoft Visual Studio Solution File, Format Version 12.00
# Visual Studio Version 17
VisualStudioVersion = 17.0.31903.59
MinimumVisualStudioVersion = 10.0.40219.1
Project("{2150E333-8FDC-42A3-9474-1A3956D46DE8}") = "src", "src", "{827E0CD3-B72D-47B6-A68D-7590B98EB39B}"
EndProject
Project("{FAE04EC0-301F-11D3-BF4B-00C04F79EFBC}") = "Neo.Common", "src\Neo.Common\Neo.Common.csproj", "{9E9E5A5E-AAC6-49DD-B7A8-AD3C8BC2D8C6}"
EndProject
Project("{FAE04EC0-301F-11D3-BF4B-00C04F79EFBC}") = "Neo.Domain", "src\Neo.Domain\Neo.Domain.csproj", "{3C9B0008-6EBA-400A-A369-982CAAED4923}"
EndProject
Project("{FAE04EC0-301F-11D3-BF4B-00C04F79EFBC}") = "Neo.Application", "src\Neo.Application\Neo.Application.csproj", "{375129CA-6E5B-48C5-A980-A5E8751C8C7C}"
EndProject
Project("{FAE04EC0-301F-11D3-BF4B-00C04F79EFBC}") = "Neo.Infrastructure", "src\Neo.Infrastructure\Neo.Infrastructure.csproj", "{57685D8B-7B98-4F13-8C2E-D28267839496}"
EndProject
Project("{FAE04EC0-301F-11D3-BF4B-00C04F79EFBC}") = "Neo.Infrastructure.Hangfire", "src\Neo.Infrastructure.Hangfire\Neo.Infrastructure.Hangfire.csproj", "{15CC1A72-FAC5-48E9-BF7D-ADBD9D1B2C80}"
EndProject
Project("{FAE04EC0-301F-11D3-BF4B-00C04F79EFBC}") = "Neo.Endpoint", "src\Neo.Endpoint\Neo.Endpoint.csproj", "{CDB649A1-92A7-495F-911A-3B2CF1AA15D3}"
EndProject
Global
	GlobalSection(SolutionConfigurationPlatforms) = preSolution
		Debug|Any CPU = Debug|Any CPU
		Debug|x64 = Debug|x64
		Debug|x86 = Debug|x86
		Release|Any CPU = Release|Any CPU
		Release|x64 = Release|x64
		Release|x86 = Release|x86
	EndGlobalSection
	GlobalSection(ProjectConfigurationPlatforms) = postSolution
		{9E9E5A5E-AAC6-49DD-B7A8-AD3C8BC2D8C6}.Debug|Any CPU.ActiveCfg = Debug|Any CPU
		{9E9E5A5E-AAC6-49DD-B7A8-AD3C8BC2D8C6}.Debug|Any CPU.Build.0 = Debug|Any CPU
		{9E9E5A5E-AAC6-49DD-B7A8-AD3C8BC2D8C6}.Debug|x64.ActiveCfg = Debug|Any CPU
		{9E9E5A5E-AAC6-49DD-B7A8-AD3C8BC2D8C6}.Debug|x64.Build.0 = Debug|Any CPU
		{9E9E5A5E-AAC6-49DD-B7A8-AD3C8BC2D8C6}.Debug|x86.ActiveCfg = Debug|Any CPU
		{9E9E5A5E-AAC6-49DD-B7A8-AD3C8BC2D8C6}.Debug|x86.Build.0 = Debug|Any CPU
		{9E9E5A5E-AAC6-49DD-B7A8-AD3C8BC2D8C6}.Release|Any CPU.ActiveCfg = Release|Any CPU
		{9E9E5A5E-AAC6-49DD-B7A8-AD3C8BC2D8C6}.Release|Any CPU.Build.0 = Release|Any CPU
		{9E9E5A5E-AAC6-49DD-B7A8-AD3C8BC2D8C6}.Release|x64.ActiveCfg = Release|Any CPU
		{9E9E5A5E-AAC6-49DD-B7A8-AD3C8BC2D8C6}.Release|x64.Build.0 = Release|Any CPU
		{9E9E5A5E-AAC6-49DD-B7A8-AD3C8BC2D8C6}.Release|x86.ActiveCfg = Release|Any CPU
		{9E9E5A5E-AAC6-49DD-B7A8-AD3C8BC2D8C6}.Release|x86.Build.0 = Release|Any CPU
		{3C9B0008-6EBA-400A-A369-982CAAED4923}.Debug|Any CPU.ActiveCfg = Debug|Any CPU
		{3C9B0008-6EBA-400A-A369-982CAAED4923}.Debug|Any CPU.Build.0 = Debug|Any CPU
		{3C9B0008-6EBA-400A-A369-982CAAED4923}.Debug|x64.ActiveCfg = Debug|Any CPU
		{3C9B0008-6EBA-400A-A369-982CAAED4923}.Debug|x64.Build.0 = Debug|Any CPU
		{3C9B0008-6EBA-400A-A369-982CAAED4923}.Debug|x86.ActiveCfg = Debug|Any CPU
		{3C9B0008-6EBA-400A-A369-982CAAED4923}.Debug|x86.Build.0 = Debug|Any CPU
		{3C9B0008-6EBA-400A-A369-982CAAED4923}.Release|Any CPU.ActiveCfg = Release|Any CPU
		{3C9B0008-6EBA-400A-A369-982CAAED4923}.Release|Any CPU.Build.0 = Release|Any CPU
		{3C9B0008-6EBA-400A-A369-982CAAED4923}.Release|x64.ActiveCfg = Release|Any CPU
		{3C9B0008-6EBA-400A-A369-982CAAED4923}.Release|x64.Build.0 = Release|Any CPU
		{3C9B0008-6EBA-400A-A369-982CAAED4923}.Release|x86.ActiveCfg = Release|Any CPU
		{3C9B0008-6EBA-400A-A369-982CAAED4923}.Release|x86.Build.0 = Release|Any CPU
		{375129CA-6E5B-48C5-A980-A5E8751C8C7C}.Debug|Any CPU.ActiveCfg = Debug|Any CPU
		{375129CA-6E5B-48C5-A980-A5E8751C8C7C}.Debug|Any CPU.Build.0 = Debug|Any CPU
		{375129CA-6E5B-48C5-A980-A5E8751C8C7C}.Debug|x64.ActiveCfg = Debug|Any CPU
		{375129CA-6E5B-48C5-A980-A5E8751C8C7C}.Debug|x64.Build.0 = Debug|Any CPU
		{375129CA-6E5B-48C5-A980-A5E8751C8C7C}.Debug|x86.ActiveCfg = Debug|Any CPU
		{375129CA-6E5B-48C5-A980-A5E8751C8C7C}.Debug|x86.Build.0 = Debug|Any CPU
		{375129CA-6E5B-48C5-A980-A5E8751C8C7C}.Release|Any CPU.ActiveCfg = Release|Any CPU
		{375129CA-6E5B-48C5-A980-A5E8751C8C7C}.Release|Any CPU.Build.0 = Release|Any CPU
		{375129CA-6E5B-48C5-A980-A5E8751C8C7C}.Release|x64.ActiveCfg = Release|Any CPU
		{375129CA-6E5B-48C5-A980-A5E8751C8C7C}.Release|x64.Build.0 = Release|Any CPU
		{375129CA-6E5B-48C5-A980-A5E8751C8C7C}.Release|x86.ActiveCfg = Release|Any CPU
		{375129CA-6E5B-48C5-A980-A5E8751C8C7C}.Release|x86.Build.0 = Release|Any CPU
		{57685D8B-7B98-4F13-8C2E-D28267839496}.Debug|Any CPU.ActiveCfg = Debug|Any CPU
		{57685D8B-7B98-4F13-8C2E-D28267839496}.Debug|Any CPU.Build.0 = Debug|Any CPU
		{57685D8B-7B98-4F13-8C2E-D28267839496}.Debug|x64.ActiveCfg = Debug|Any CPU
		{57685D8B-7B98-4F13-8C2E-D28267839496}.Debug|x64.Build.0 = Debug|Any CPU
		{57685D8B-7B98-4F13-8C2E-D28267839496}.Debug|x86.ActiveCfg = Debug|Any CPU
		{57685D8B-7B98-4F13-8C2E-D28267839496}.Debug|x86.Build.0 = Debug|Any CPU
		{57685D8B-7B98-4F13-8C2E-D28267839496}.Release|Any CPU.ActiveCfg = Release|Any CPU
		{57685D8B-7B98-4F13-8C2E-D28267839496}.Release|Any CPU.Build.0 = Release|Any CPU
		{57685D8B-7B98-4F13-8C2E-D28267839496}.Release|x64.ActiveCfg = Release|Any CPU
		{57685D8B-7B98-4F13-8C2E-D28267839496}.Release|x64.Build.0 = Release|Any CPU
		{57685D8B-7B98-4F13-8C2E-D28267839496}.Release|x86.ActiveCfg = Release|Any CPU
		{57685D8B-7B98-4F13-8C2E-D28267839496}.Release|x86.Build.0 = Release|Any CPU
		{15CC1A72-FAC5-48E9-BF7D-ADBD9D1B2C80}.Debug|Any CPU.ActiveCfg = Debug|Any CPU
		{15CC1A72-FAC5-48E9-BF7D-ADBD9D1B2C80}.Debug|Any CPU.Build.0 = Debug|Any CPU
		{15CC1A72-FAC5-48E9-BF7D-ADBD9D1B2C80}.Debug|x64.ActiveCfg = Debug|Any CPU
		{15CC1A72-FAC5-48E9-BF7D-ADBD9D1B2C80}.Debug|x64.Build.0 = Debug|Any CPU
		{15CC1A72-FAC5-48E9-BF7D-ADBD9D1B2C80}.Debug|x86.ActiveCfg = Debug|Any CPU
		{15CC1A72-FAC5-48E9-BF7D-ADBD9D1B2C80}.Debug|x86.Build.0 = Debug|Any CPU
		{15CC1A72-FAC5-48E9-BF7D-ADBD9D1B2C80}.Release|Any CPU.ActiveCfg = Release|Any CPU
		{15CC1A72-FAC5-48E9-BF7D-ADBD9D1B2C80}.Release|Any CPU.Build.0 = Release|Any CPU
		{15CC1A72-FAC5-48E9-BF7D-ADBD9D1B2C80}.Release|x64.ActiveCfg = Release|Any CPU
		{15CC1A72-FAC5-48E9-BF7D-ADBD9D1B2C80}.Release|x64.Build.0 = Release|Any CPU
		{15CC1A72-FAC5-48E9-BF7D-ADBD9D1B2C80}.Release|x86.ActiveCfg = Release|Any CPU
		{15CC1A72-FAC5-48E9-BF7D-ADBD9D1B2C80}.Release|x86.Build.0 = Release|Any CPU
		{CDB649A1-92A7-495F-911A-3B2CF1AA15D3}.Debug|Any CPU.ActiveCfg = Debug|Any CPU
		{CDB649A1-92A7-495F-911A-3B2CF1AA15D3}.Debug|Any CPU.Build.0 = Debug|Any CPU
		{CDB649A1-92A7-495F-911A-3B2CF1AA15D3}.Debug|x64.ActiveCfg = Debug|Any CPU
		{CDB649A1-92A7-495F-911A-3B2CF1AA15D3}.Debug|x64.Build.0 = Debug|Any CPU
		{CDB649A1-92A7-495F-911A-3B2CF1AA15D3}.Debug|x86.ActiveCfg = Debug|Any CPU
		{CDB649A1-92A7-495F-911A-3B2CF1AA15D3}.Debug|x86.Build.0 = Debug|Any CPU
		{CDB649A1-92A7-495F-911A-3B2CF1AA15D3}.Release|Any CPU.ActiveCfg = Release|Any CPU
		{CDB649A1-92A7-495F-911A-3B2CF1AA15D3}.Release|Any CPU.Build.0 = Release|Any CPU
		{CDB649A1-92A7-495F-911A-3B2CF1AA15D3}.Release|x64.ActiveCfg = Release|Any CPU
		{CDB649A1-92A7-495F-911A-3B2CF1AA15D3}.Release|x64.Build.0 = Release|Any CPU
		{CDB649A1-92A7-495F-911A-3B2CF1AA15D3}.Release|x86.ActiveCfg = Release|Any CPU
		{CDB649A1-92A7-495F-911A-3B2CF1AA15D3}.Release|x86.Build.0 = Release|Any CPU
	EndGlobalSection
	GlobalSection(SolutionProperties) = preSolution
		HideSolutionNode = FALSE
	EndGlobalSection
	GlobalSection(NestedProjects) = preSolution
		{9E9E5A5E-AAC6-49DD-B7A8-AD3C8BC2D8C6} = {827E0CD3-B72D-47B6-A68D-7590B98EB39B}
		{3C9B0008-6EBA-400A-A369-982CAAED4923} = {827E0CD3-B72D-47B6-A68D-7590B98EB39B}
		{375129CA-6E5B-48C5-A980-A5E8751C8C7C} = {827E0CD3-B72D-47B6-A68D-7590B98EB39B}
		{57685D8B-7B98-4F13-8C2E-D28267839496} = {827E0CD3-B72D-47B6-A68D-7590B98EB39B}
		{15CC1A72-FAC5-48E9-BF7D-ADBD9D1B2C80} = {827E0CD3-B72D-47B6-A68D-7590B98EB39B}
		{CDB649A1-92A7-495F-911A-3B2CF1AA15D3} = {827E0CD3-B72D-47B6-A68D-7590B98EB39B}
	EndGlobalSection
EndGlobal
